
Microsoft Visual Studio Solution File, Format Version 12.00
# Visual Studio Version 17
VisualStudioVersion = 17.1.32210.238
MinimumVisualStudioVersion = 10.0.40219.1
Project("{FAE04EC0-301F-11D3-BF4B-00C04F79EFBC}") = "WindowsFormsApp1", "WindowsFormsApp1.csproj", "{F467BF4A-A733-4172-BDE4-FF8F0446072E}"
EndProject
Global
	GlobalSection(SolutionConfigurationPlatforms) = preSolution
		Debug|Any CPU = Debug|Any CPU
		Release|Any CPU = Release|Any CPU
	EndGlobalSection
	GlobalSection(ProjectConfigurationPlatforms) = postSolution
		{F467BF4A-A733-4172-BDE4-FF8F0446072E}.Debug|Any CPU.ActiveCfg = Debug|Any CPU
		{F467BF4A-A733-4172-BDE4-FF8F0446072E}.Debug|Any CPU.Build.0 = Debug|Any CPU
		{F467BF4A-A733-4172-BDE4-FF8F0446072E}.Release|Any CPU.ActiveCfg = Release|Any CPU
		{F467BF4A-A733-4172-BDE4-FF8F0446072E}.Release|Any CPU.Build.0 = Release|Any CPU
	EndGlobalSection
	GlobalSection(SolutionProperties) = preSolution
		HideSolutionNode = FALSE
	EndGlobalSection
	GlobalSection(ExtensibilityGlobals) = postSolution
		SolutionGuid = {63F907EB-082B-43D8-AC63-5BE6AC5232AF}
	EndGlobalSection
EndGlobal
